<?xml version="1.0" encoding="utf-8"?>
<Project ToolsVersion="4.0" xmlns="http://schemas.microsoft.com/developer/msbuild/2003">
  <ItemGroup>
    <Filter Include="源文件">
      <UniqueIdentifier>{4FC737F1-C7A5-4376-A066-2A32D752A2FF}</UniqueIdentifier>
      <Extensions>cpp;c;cc;cxx;c++;cppm;ixx;def;odl;idl;hpj;bat;asm;asmx</Extensions>
    </Filter>
    <Filter Include="头文件">
      <UniqueIdentifier>{93995380-89BD-4b04-88EB-625FBE52EBFB}</UniqueIdentifier>
      <Extensions>h;hh;hpp;hxx;h++;hm;inl;inc;ipp;xsd</Extensions>
    </Filter>
    <Filter Include="资源文件">
      <UniqueIdentifier>{67DA6AB6-F800-4c08-8B7A-83BB121AAD01}</UniqueIdentifier>
      <Extensions>rc;ico;cur;bmp;dlg;rc2;rct;bin;rgs;gif;jpg;jpeg;jpe;resx;tiff;tif;png;wav;mfcribbon-ms</Extensions>
    </Filter>
  </ItemGroup>
  <ItemGroup>
    <ClCompile Include="..\..\课本习题（三）\C-Point：7.3.c">
      <Filter>源文件</Filter>
    </ClCompile>
    <ClCompile Include="..\..\课本习题（三）\C-Point：7.4.c">
      <Filter>源文件</Filter>
    </ClCompile>
    <ClCompile Include="..\..\课本习题（三）\C-Point：7.5.c">
      <Filter>源文件</Filter>
    </ClCompile>
    <ClCompile Include="..\..\课本习题（三）\按秒计时.c">
      <Filter>源文件</Filter>
    </ClCompile>
    <ClCompile Include="..\..\课本习题（三）\毕达哥拉斯三元组.c">
      <Filter>源文件</Filter>
    </ClCompile>
    <ClCompile Include="..\..\课本习题（三）\表格输出.c">
      <Filter>源文件</Filter>
    </ClCompile>
    <ClCompile Include="..\..\课本习题（三）\猜数游戏.c">
      <Filter>源文件</Filter>
    </ClCompile>
    <ClCompile Include="..\..\课本习题（三）\测试数学库函数.c">
      <Filter>源文件</Filter>
    </ClCompile>
    <ClCompile Include="..\..\课本习题（三）\查找最大的两个数.c">
      <Filter>源文件</Filter>
    </ClCompile>
    <ClCompile Include="..\..\课本习题（三）\查找最大数.c">
      <Filter>源文件</Filter>
    </ClCompile>
    <ClCompile Include="..\..\课本习题（三）\乘法函数.c">
      <Filter>源文件</Filter>
    </ClCompile>
    <ClCompile Include="..\..\课本习题（三）\递归的main()函数.c">
      <Filter>源文件</Filter>
    </ClCompile>
    <ClCompile Include="..\..\课本习题（三）\递归求幂.c">
      <Filter>源文件</Filter>
    </ClCompile>
    <ClCompile Include="..\..\课本习题（三）\递归求最大公约数.c">
      <Filter>源文件</Filter>
    </ClCompile>
    <ClCompile Include="..\..\课本习题（三）\二进制转十进制.c">
      <Filter>源文件</Filter>
    </ClCompile>
    <ClCompile Include="..\..\课本习题（三）\斐波那契数列.c">
      <Filter>源文件</Filter>
    </ClCompile>
    <ClCompile Include="..\..\课本习题（三）\分离整数.c">
      <Filter>源文件</Filter>
    </ClCompile>
    <ClCompile Include="..\..\课本习题（三）\复利程序.c">
      <Filter>源文件</Filter>
    </ClCompile>
    <ClCompile Include="..\..\课本习题（三）\工资计算器.c">
      <Filter>源文件</Filter>
    </ClCompile>
    <ClCompile Include="..\..\课本习题（三）\汉诺塔（非递归）.c">
      <Filter>源文件</Filter>
    </ClCompile>
    <ClCompile Include="..\..\课本习题（三）\汉诺塔.c">
      <Filter>源文件</Filter>
    </ClCompile>
    <ClCompile Include="..\..\课本习题（三）\回文检测.c">
      <Filter>源文件</Filter>
    </ClCompile>
    <ClCompile Include="..\..\课本习题（三）\计算机辅助教学.c">
      <Filter>源文件</Filter>
    </ClCompile>
    <ClCompile Include="..\..\课本习题（三）\计算零售额.c">
      <Filter>源文件</Filter>
    </ClCompile>
    <ClCompile Include="..\..\课本习题（三）\计算信贷限额.c">
      <Filter>源文件</Filter>
    </ClCompile>
    <ClCompile Include="..\..\课本习题（三）\计算整数的和.c">
      <Filter>源文件</Filter>
    </ClCompile>
    <ClCompile Include="..\..\课本习题（三）\检测10的倍数.c">
      <Filter>源文件</Filter>
    </ClCompile>
    <ClCompile Include="..\..\课本习题（三）\阶乘.c">
      <Filter>源文件</Filter>
    </ClCompile>
    <ClCompile Include="..\..\课本习题（三）\进制转换.c">
      <Filter>源文件</Filter>
    </ClCompile>
    <ClCompile Include="..\..\课本习题（三）\库函数.c">
      <Filter>源文件</Filter>
    </ClCompile>
    <ClCompile Include="..\..\课本习题（三）\利息计算器.c">
      <Filter>源文件</Filter>
    </ClCompile>
    <ClCompile Include="..\..\课本习题（三）\两点之间的距离.c">
      <Filter>源文件</Filter>
    </ClCompile>
    <ClCompile Include="..\..\课本习题（三）\菱形打印程序.c">
      <Filter>源文件</Filter>
    </ClCompile>
    <ClCompile Include="..\..\课本习题（三）\冒泡排序.c">
      <Filter>源文件</Filter>
    </ClCompile>
    <ClCompile Include="..\..\课本习题（三）\逆置整数.c">
      <Filter>源文件</Filter>
    </ClCompile>
    <ClCompile Include="..\..\课本习题（三）\判断三角形.c">
      <Filter>源文件</Filter>
    </ClCompile>
    <ClCompile Include="..\..\课本习题（三）\判断输出.c">
      <Filter>源文件</Filter>
    </ClCompile>
    <ClCompile Include="..\..\课本习题（三）\期望心律计算器.c">
      <Filter>源文件</Filter>
    </ClCompile>
    <ClCompile Include="..\..\课本习题（三）\汽油里程.c">
      <Filter>源文件</Filter>
    </ClCompile>
    <ClCompile Include="..\..\课本习题（三）\求一个整数序列的和及平均数.c">
      <Filter>源文件</Filter>
    </ClCompile>
    <ClCompile Include="..\..\课本习题（三）\求最小数.c">
      <Filter>源文件</Filter>
    </ClCompile>
    <ClCompile Include="..\..\课本习题（三）\取幂.c">
      <Filter>源文件</Filter>
    </ClCompile>
    <ClCompile Include="..\..\课本习题（三）\全球变暖知识检测.c">
      <Filter>源文件</Filter>
    </ClCompile>
    <ClCompile Include="..\..\课本习题（三）\三角形打印程序.c">
      <Filter>源文件</Filter>
    </ClCompile>
    <ClCompile Include="..\..\课本习题（三）\圣诞节.c">
      <Filter>源文件</Filter>
    </ClCompile>
    <ClCompile Include="..\..\课本习题（三）\世界人口增长计算器.c">
      <Filter>源文件</Filter>
    </ClCompile>
    <ClCompile Include="..\..\课本习题（三）\数据的舍入.c">
      <Filter>源文件</Filter>
    </ClCompile>
    <ClCompile Include="..\..\课本习题（三）\素数.c">
      <Filter>源文件</Filter>
    </ClCompile>
    <ClCompile Include="..\..\课本习题（三）\停车收费.c">
      <Filter>源文件</Filter>
    </ClCompile>
    <ClCompile Include="..\..\课本习题（三）\统计7的个数.c">
      <Filter>源文件</Filter>
    </ClCompile>
    <ClCompile Include="..\..\课本习题（三）\投掷硬币.c">
      <Filter>源文件</Filter>
    </ClCompile>
    <ClCompile Include="..\..\课本习题（三）\完美数.c">
      <Filter>源文件</Filter>
    </ClCompile>
    <ClCompile Include="..\..\课本习题（三）\温度转换.c">
      <Filter>源文件</Filter>
    </ClCompile>
    <ClCompile Include="..\..\课本习题（三）\销售佣金.c">
      <Filter>源文件</Filter>
    </ClCompile>
    <ClCompile Include="..\..\课本习题（三）\销售佣金计算器.c">
      <Filter>源文件</Filter>
    </ClCompile>
    <ClCompile Include="..\..\课本习题（三）\信贷限额计算器.c">
      <Filter>源文件</Filter>
    </ClCompile>
    <ClCompile Include="..\..\课本习题（三）\星号空心正方形.c">
      <Filter>源文件</Filter>
    </ClCompile>
    <ClCompile Include="..\..\课本习题（三）\星号跳棋盘.c">
      <Filter>源文件</Filter>
    </ClCompile>
    <ClCompile Include="..\..\课本习题（三）\星号正方形.c">
      <Filter>源文件</Filter>
    </ClCompile>
    <ClCompile Include="..\..\课本习题（三）\修改的Craps游戏.c">
      <Filter>源文件</Filter>
    </ClCompile>
    <ClCompile Include="..\..\课本习题（三）\悬挂else(二）.c">
      <Filter>源文件</Filter>
    </ClCompile>
    <ClCompile Include="..\..\课本习题（三）\悬挂else.c">
      <Filter>源文件</Filter>
    </ClCompile>
    <ClCompile Include="..\..\课本习题（三）\学生成绩的级点.c">
      <Filter>源文件</Filter>
    </ClCompile>
    <ClCompile Include="..\..\课本习题（三）\循环1到10.c">
      <Filter>源文件</Filter>
    </ClCompile>
    <ClCompile Include="..\..\课本习题（三）\用密码来保护个人隐私.c">
      <Filter>源文件</Filter>
    </ClCompile>
    <ClCompile Include="..\..\课本习题（三）\找最小值.c">
      <Filter>源文件</Filter>
    </ClCompile>
    <ClCompile Include="..\..\课本习题（三）\直角三角形斜边长.c">
      <Filter>源文件</Filter>
    </ClCompile>
    <ClCompile Include="..\..\课本习题（三）\柱状图打印程序.c">
      <Filter>源文件</Filter>
    </ClCompile>
    <ClCompile Include="..\..\课本习题（三）\最大公约数.c">
      <Filter>源文件</Filter>
    </ClCompile>
  </ItemGroup>
  <ItemGroup>
    <ClInclude Include="..\..\课本习题（三）\test.h">
      <Filter>头文件</Filter>
    </ClInclude>
  </ItemGroup>
</Project>